<Solution>
  <Folder Name="/01_hello_world/">
    <Project Path="01_hello_world/Ch01_HelloWorld.csproj" />
  </Folder>
  <Folder Name="/02_variables/">
    <Project Path="02_variables/Ch02_Variables.csproj" />
  </Folder>
  <Folder Name="/03_control_flow/">
    <Project Path="03_control_flow/Ch03_ControlFlow.csproj" />
  </Folder>
  <Folder Name="/04_arrays_collections/">
    <Project Path="04_arrays_collections/Ch04_ArraysCollections.csproj" />
  </Folder>
  <Folder Name="/05_methods/">
    <Project Path="05_methods/Ch05_Methods.csproj" />
  </Folder>
  <Folder Name="/06_classes_objects/">
    <Project Path="06_classes_objects/Ch06_ClassesObjects.csproj" />
  </Folder>
  <Folder Name="/07_inheritance/">
    <Project Path="07_inheritance/Ch07_Inheritance.csproj" />
  </Folder>
  <Folder Name="/08_interfaces/">
    <Project Path="08_interfaces/Ch08_Interfaces.csproj" />
  </Folder>
  <Folder Name="/09_exceptions/">
    <Project Path="09_exceptions/Ch09_Exceptions.csproj" />
  </Folder>
  <Folder Name="/10_linq/">
    <Project Path="10_linq/Ch10_Linq.csproj" />
  </Folder>
  <Folder Name="/11_delegates_events/">
    <Project Path="11_delegates_events/Ch11_DelegatesEvents.csproj" />
  </Folder>
  <Folder Name="/12_generics/">
    <Project Path="12_generics/Ch12_generics.csproj" />
  </Folder>
  <Folder Name="/13_async_await/">
    <Project Path="13_async_await/Ch13_async_await.csproj" />
  </Folder>
  <Folder Name="/14_strings/">
    <Project Path="14_strings/Ch14_strings.csproj" />
  </Folder>
  <Folder Name="/15_datetime/">
    <Project Path="15_datetime/Ch15_datetime.csproj" />
  </Folder>
  <Folder Name="/16_file_io_streams/">
    <Project Path="16_file_io_streams/Ch16_file_io_streams.csproj" />
  </Folder>
  <Folder Name="/17_serialization/">
    <Project Path="17_serialization/Ch17_serialization.csproj" />
  </Folder>
  <Folder Name="/18_reflection_attributes/">
    <Project Path="18_reflection_attributes/Ch18_reflection_attributes.csproj" />
  </Folder>
  <Folder Name="/19_networking/">
    <Project Path="19_networking/Ch19_networking.csproj" />
  </Folder>
  <Folder Name="/20_unit_testing/">
    <Project Path="20_unit_testing/Ch20_unit_testing.csproj" />
  </Folder>
</Solution>
